Microsoft Visual Studio Solution File, Format Version 12.00
# Visual Studio 2012
Project("{FAE04EC0-301F-11D3-BF4B-00C04F79EFBC}") = "N Mines", "N Mines.csproj", "{BA992242-93BB-43CD-AA03-B8993F149301}"
EndProject
Global
	GlobalSection(SolutionConfigurationPlatforms) = preSolution
	Debug|Any CPU = Debug|Any CPU
	ExportDebug|Any CPU = ExportDebug|Any CPU
	ExportRelease|Any CPU = ExportRelease|Any CPU
	EndGlobalSection
	GlobalSection(ProjectConfigurationPlatforms) = postSolution
		{BA992242-93BB-43CD-AA03-B8993F149301}.Debug|Any CPU.ActiveCfg = Debug|Any CPU
		{BA992242-93BB-43CD-AA03-B8993F149301}.Debug|Any CPU.Build.0 = Debug|Any CPU
		{BA992242-93BB-43CD-AA03-B8993F149301}.ExportDebug|Any CPU.ActiveCfg = ExportDebug|Any CPU
		{BA992242-93BB-43CD-AA03-B8993F149301}.ExportDebug|Any CPU.Build.0 = ExportDebug|Any CPU
		{BA992242-93BB-43CD-AA03-B8993F149301}.ExportRelease|Any CPU.ActiveCfg = ExportRelease|Any CPU
		{BA992242-93BB-43CD-AA03-B8993F149301}.ExportRelease|Any CPU.Build.0 = ExportRelease|Any CPU
	EndGlobalSection
EndGlobal
